# THIS IS AN AUTOGENERATED FILE. DO NOT EDIT THIS FILE DIRECTLY.
# yarn lockfile v1


"@types/codemirror@^5.60.4":
  version "5.60.7"
  resolved "https://registry.yarnpkg.com/@types/codemirror/-/codemirror-5.60.7.tgz#efbb78e5e79f90c6762c2127c02096648e600808"
  integrity sha512-QXIC+RPzt/1BGSuD6iFn6UMC9TDp+9hkOANYNPVsjjrDdzKphfRkwQDKGp2YaC54Yhz0g6P5uYTCCibZZEiMAA==
  dependencies:
    "@types/tern" "*"

"@types/estree@*":
  version "1.0.0"
  resolved "https://registry.yarnpkg.com/@types/estree/-/estree-1.0.0.tgz#5fb2e536c1ae9bf35366eed879e827fa59ca41c2"
  integrity sha512-WulqXMDUTYAXCjZnk6JtIHPigp55cVtDgDrO2gHRwhyJto21+1zbVCtOYB2L1F9w4qCQ0rOGWBnBe0FNTiEJIQ==

"@types/marked@^4.0.7":
  version "4.0.8"
  resolved "https://registry.yarnpkg.com/@types/marked/-/marked-4.0.8.tgz#b316887ab3499d0a8f4c70b7bd8508f92d477955"
  integrity sha512-HVNzMT5QlWCOdeuBsgXP8EZzKUf0+AXzN+sLmjvaB3ZlLqO+e4u0uXrdw9ub69wBKFs+c6/pA4r9sy6cCDvImw==

"@types/tern@*":
  version "0.23.4"
  resolved "https://registry.yarnpkg.com/@types/tern/-/tern-0.23.4.tgz#03926eb13dbeaf3ae0d390caf706b2643a0127fb"
  integrity sha512-JAUw1iXGO1qaWwEOzxTKJZ/5JxVeON9kvGZ/osgZaJImBnyjyn0cjovPsf6FNLmyGY8Vw9DoXZCMlfMkMwHRWg==
  dependencies:
    "@types/estree" "*"

codemirror-spell-checker@1.1.2:
  version "1.1.2"
  resolved "https://registry.yarnpkg.com/codemirror-spell-checker/-/codemirror-spell-checker-1.1.2.tgz#1c660f9089483ccb5113b9ba9ca19c3f4993371e"
  integrity sha512-2Tl6n0v+GJRsC9K3MLCdLaMOmvWL0uukajNJseorZJsslaxZyZMgENocPU8R0DyoTAiKsyqiemSOZo7kjGV0LQ==
  dependencies:
    typo-js "*"

codemirror@^5.63.1:
  version "5.65.12"
  resolved "https://registry.yarnpkg.com/codemirror/-/codemirror-5.65.12.tgz#294fdf097d10ac5b56a9e011a91eff252afc73ae"
  integrity sha512-z2jlHBocElRnPYysN2HAuhXbO3DNB0bcSKmNz3hcWR2Js2Dkhc1bEOxG93Z3DeUrnm+qx56XOY5wQmbP5KY0sw==

easymde@^2.18.0:
  version "2.18.0"
  resolved "https://registry.yarnpkg.com/easymde/-/easymde-2.18.0.tgz#ff1397d07329b1a7b9187d2d0c20766fa16b3b1b"
  integrity sha512-IxVVUxNWIoXLeqtBU4BLc+eS/ScYhT1Dcb6yF5Wchoj1iXAV+TIIDWx+NCaZhY7RcSHqDPKllbYq7nwGKILnoA==
  dependencies:
    "@types/codemirror" "^5.60.4"
    "@types/marked" "^4.0.7"
    codemirror "^5.63.1"
    codemirror-spell-checker "1.1.2"
    marked "^4.1.0"

marked@^4.1.0:
  version "4.2.12"
  resolved "https://registry.yarnpkg.com/marked/-/marked-4.2.12.tgz#d69a64e21d71b06250da995dcd065c11083bebb5"
  integrity sha512-yr8hSKa3Fv4D3jdZmtMMPghgVt6TWbk86WQaWhDloQjRSQhMMYCAro7jP7VDJrjjdV8pxVxMssXS8B8Y5DZ5aw==

typo-js@*:
  version "1.2.2"
  resolved "https://registry.yarnpkg.com/typo-js/-/typo-js-1.2.2.tgz#340484d81fe518e77c81a5a770162b14492f183b"
  integrity sha512-C7pYBQK17EjSg8tVNY91KHdUt5Nf6FMJ+c3js076quPmBML57PmNMzAcIq/2kf/hSYtFABNDIYNYlJRl5BJhGw==
