# THIS IS AN AUTOGENERATED FILE. DO NOT EDIT THIS FILE DIRECTLY.
# yarn lockfile v1


"@babel/runtime@^7.13.10":
  version "7.21.0"
  resolved "https://registry.npmjs.org/@babel/runtime/-/runtime-7.21.0.tgz"
  integrity sha512-xwII0//EObnq89Ji5AKYQaRYiW/nZ3llSv29d49IuxPhKbtJoLP+9QUUZ4nVragQVtaVGeZrpB+ZtG/Pdy/POw==
  dependencies:
    regenerator-runtime "^0.13.11"

"@esbuild/android-arm64@0.17.18":
  version "0.17.18"
  resolved "https://registry.yarnpkg.com/@esbuild/android-arm64/-/android-arm64-0.17.18.tgz#4aa8d8afcffb4458736ca9b32baa97d7cb5861ea"
  integrity sha512-/iq0aK0eeHgSC3z55ucMAHO05OIqmQehiGay8eP5l/5l+iEr4EIbh4/MI8xD9qRFjqzgkc0JkX0LculNC9mXBw==

"@esbuild/android-arm@0.17.18":
  version "0.17.18"
  resolved "https://registry.yarnpkg.com/@esbuild/android-arm/-/android-arm-0.17.18.tgz#74a7e95af4ee212ebc9db9baa87c06a594f2a427"
  integrity sha512-EmwL+vUBZJ7mhFCs5lA4ZimpUH3WMAoqvOIYhVQwdIgSpHC8ImHdsRyhHAVxpDYUSm0lWvd63z0XH1IlImS2Qw==

"@esbuild/android-x64@0.17.18":
  version "0.17.18"
  resolved "https://registry.yarnpkg.com/@esbuild/android-x64/-/android-x64-0.17.18.tgz#1dcd13f201997c9fe0b204189d3a0da4eb4eb9b6"
  integrity sha512-x+0efYNBF3NPW2Xc5bFOSFW7tTXdAcpfEg2nXmxegm4mJuVeS+i109m/7HMiOQ6M12aVGGFlqJX3RhNdYM2lWg==

"@esbuild/darwin-arm64@0.17.18":
  version "0.17.18"
  resolved "https://registry.npmjs.org/@esbuild/darwin-arm64/-/darwin-arm64-0.17.18.tgz"
  integrity sha512-6tY+djEAdF48M1ONWnQb1C+6LiXrKjmqjzPNPWXhu/GzOHTHX2nh8Mo2ZAmBFg0kIodHhciEgUBtcYCAIjGbjQ==

"@esbuild/darwin-x64@0.17.18":
  version "0.17.18"
  resolved "https://registry.yarnpkg.com/@esbuild/darwin-x64/-/darwin-x64-0.17.18.tgz#a6da308d0ac8a498c54d62e0b2bfb7119b22d315"
  integrity sha512-Qq84ykvLvya3dO49wVC9FFCNUfSrQJLbxhoQk/TE1r6MjHo3sFF2tlJCwMjhkBVq3/ahUisj7+EpRSz0/+8+9A==

"@esbuild/freebsd-arm64@0.17.18":
  version "0.17.18"
  resolved "https://registry.yarnpkg.com/@esbuild/freebsd-arm64/-/freebsd-arm64-0.17.18.tgz#b83122bb468889399d0d63475d5aea8d6829c2c2"
  integrity sha512-fw/ZfxfAzuHfaQeMDhbzxp9mc+mHn1Y94VDHFHjGvt2Uxl10mT4CDavHm+/L9KG441t1QdABqkVYwakMUeyLRA==

"@esbuild/freebsd-x64@0.17.18":
  version "0.17.18"
  resolved "https://registry.yarnpkg.com/@esbuild/freebsd-x64/-/freebsd-x64-0.17.18.tgz#af59e0e03fcf7f221b34d4c5ab14094862c9c864"
  integrity sha512-FQFbRtTaEi8ZBi/A6kxOC0V0E9B/97vPdYjY9NdawyLd4Qk5VD5g2pbWN2VR1c0xhzcJm74HWpObPszWC+qTew==

"@esbuild/linux-arm64@0.17.18":
  version "0.17.18"
  resolved "https://registry.yarnpkg.com/@esbuild/linux-arm64/-/linux-arm64-0.17.18.tgz#8551d72ba540c5bce4bab274a81c14ed01eafdcf"
  integrity sha512-R7pZvQZFOY2sxUG8P6A21eq6q+eBv7JPQYIybHVf1XkQYC+lT7nDBdC7wWKTrbvMXKRaGudp/dzZCwL/863mZQ==

"@esbuild/linux-arm@0.17.18":
  version "0.17.18"
  resolved "https://registry.yarnpkg.com/@esbuild/linux-arm/-/linux-arm-0.17.18.tgz#e09e76e526df4f665d4d2720d28ff87d15cdf639"
  integrity sha512-jW+UCM40LzHcouIaqv3e/oRs0JM76JfhHjCavPxMUti7VAPh8CaGSlS7cmyrdpzSk7A+8f0hiedHqr/LMnfijg==

"@esbuild/linux-ia32@0.17.18":
  version "0.17.18"
  resolved "https://registry.yarnpkg.com/@esbuild/linux-ia32/-/linux-ia32-0.17.18.tgz#47878860ce4fe73a36fd8627f5647bcbbef38ba4"
  integrity sha512-ygIMc3I7wxgXIxk6j3V00VlABIjq260i967Cp9BNAk5pOOpIXmd1RFQJQX9Io7KRsthDrQYrtcx7QCof4o3ZoQ==

"@esbuild/linux-loong64@0.17.18":
  version "0.17.18"
  resolved "https://registry.yarnpkg.com/@esbuild/linux-loong64/-/linux-loong64-0.17.18.tgz#3f8fbf5267556fc387d20b2e708ce115de5c967a"
  integrity sha512-bvPG+MyFs5ZlwYclCG1D744oHk1Pv7j8psF5TfYx7otCVmcJsEXgFEhQkbhNW8otDHL1a2KDINW20cfCgnzgMQ==

"@esbuild/linux-mips64el@0.17.18":
  version "0.17.18"
  resolved "https://registry.yarnpkg.com/@esbuild/linux-mips64el/-/linux-mips64el-0.17.18.tgz#9d896d8f3c75f6c226cbeb840127462e37738226"
  integrity sha512-oVqckATOAGuiUOa6wr8TXaVPSa+6IwVJrGidmNZS1cZVx0HqkTMkqFGD2HIx9H1RvOwFeWYdaYbdY6B89KUMxA==

"@esbuild/linux-ppc64@0.17.18":
  version "0.17.18"
  resolved "https://registry.yarnpkg.com/@esbuild/linux-ppc64/-/linux-ppc64-0.17.18.tgz#3d9deb60b2d32c9985bdc3e3be090d30b7472783"
  integrity sha512-3dLlQO+b/LnQNxgH4l9rqa2/IwRJVN9u/bK63FhOPB4xqiRqlQAU0qDU3JJuf0BmaH0yytTBdoSBHrb2jqc5qQ==

"@esbuild/linux-riscv64@0.17.18":
  version "0.17.18"
  resolved "https://registry.yarnpkg.com/@esbuild/linux-riscv64/-/linux-riscv64-0.17.18.tgz#8a943cf13fd24ff7ed58aefb940ef178f93386bc"
  integrity sha512-/x7leOyDPjZV3TcsdfrSI107zItVnsX1q2nho7hbbQoKnmoeUWjs+08rKKt4AUXju7+3aRZSsKrJtaRmsdL1xA==

"@esbuild/linux-s390x@0.17.18":
  version "0.17.18"
  resolved "https://registry.yarnpkg.com/@esbuild/linux-s390x/-/linux-s390x-0.17.18.tgz#66cb01f4a06423e5496facabdce4f7cae7cb80e5"
  integrity sha512-cX0I8Q9xQkL/6F5zWdYmVf5JSQt+ZfZD2bJudZrWD+4mnUvoZ3TDDXtDX2mUaq6upMFv9FlfIh4Gfun0tbGzuw==

"@esbuild/linux-x64@0.17.18":
  version "0.17.18"
  resolved "https://registry.yarnpkg.com/@esbuild/linux-x64/-/linux-x64-0.17.18.tgz#23c26050c6c5d1359c7b774823adc32b3883b6c9"
  integrity sha512-66RmRsPlYy4jFl0vG80GcNRdirx4nVWAzJmXkevgphP1qf4dsLQCpSKGM3DUQCojwU1hnepI63gNZdrr02wHUA==

"@esbuild/netbsd-x64@0.17.18":
  version "0.17.18"
  resolved "https://registry.yarnpkg.com/@esbuild/netbsd-x64/-/netbsd-x64-0.17.18.tgz#789a203d3115a52633ff6504f8cbf757f15e703b"
  integrity sha512-95IRY7mI2yrkLlTLb1gpDxdC5WLC5mZDi+kA9dmM5XAGxCME0F8i4bYH4jZreaJ6lIZ0B8hTrweqG1fUyW7jbg==

"@esbuild/openbsd-x64@0.17.18":
  version "0.17.18"
  resolved "https://registry.yarnpkg.com/@esbuild/openbsd-x64/-/openbsd-x64-0.17.18.tgz#d7b998a30878f8da40617a10af423f56f12a5e90"
  integrity sha512-WevVOgcng+8hSZ4Q3BKL3n1xTv5H6Nb53cBrtzzEjDbbnOmucEVcZeGCsCOi9bAOcDYEeBZbD2SJNBxlfP3qiA==

"@esbuild/sunos-x64@0.17.18":
  version "0.17.18"
  resolved "https://registry.yarnpkg.com/@esbuild/sunos-x64/-/sunos-x64-0.17.18.tgz#ecad0736aa7dae07901ba273db9ef3d3e93df31f"
  integrity sha512-Rzf4QfQagnwhQXVBS3BYUlxmEbcV7MY+BH5vfDZekU5eYpcffHSyjU8T0xucKVuOcdCsMo+Ur5wmgQJH2GfNrg==

"@esbuild/win32-arm64@0.17.18":
  version "0.17.18"
  resolved "https://registry.yarnpkg.com/@esbuild/win32-arm64/-/win32-arm64-0.17.18.tgz#58dfc177da30acf956252d7c8ae9e54e424887c4"
  integrity sha512-Kb3Ko/KKaWhjeAm2YoT/cNZaHaD1Yk/pa3FTsmqo9uFh1D1Rfco7BBLIPdDOozrObj2sahslFuAQGvWbgWldAg==

"@esbuild/win32-ia32@0.17.18":
  version "0.17.18"
  resolved "https://registry.yarnpkg.com/@esbuild/win32-ia32/-/win32-ia32-0.17.18.tgz#340f6163172b5272b5ae60ec12c312485f69232b"
  integrity sha512-0/xUMIdkVHwkvxfbd5+lfG7mHOf2FRrxNbPiKWg9C4fFrB8H0guClmaM3BFiRUYrznVoyxTIyC/Ou2B7QQSwmw==

"@esbuild/win32-x64@0.17.18":
  version "0.17.18"
  resolved "https://registry.yarnpkg.com/@esbuild/win32-x64/-/win32-x64-0.17.18.tgz#3a8e57153905308db357fd02f57c180ee3a0a1fa"
  integrity sha512-qU25Ma1I3NqTSHJUOKi9sAH1/Mzuvlke0ioMJRthLXKm7JiSKVwFghlGbDLOO2sARECGhja4xYfRAZNPAkooYg==

"@jridgewell/sourcemap-codec@^1.4.13", "@jridgewell/sourcemap-codec@^1.4.14":
  version "1.4.15"
  resolved "https://registry.yarnpkg.com/@jridgewell/sourcemap-codec/-/sourcemap-codec-1.4.15.tgz#d7c6e6755c78567a951e04ab52ef0fd26de59f32"
  integrity sha512-eF2rxCRulEKXHTRiDrDy6erMYWqNw4LPdQ8UQA4huuxaQsVeRPFl2oM8oDGxMFhJUWZf9McpLtJasDDZb/Bpeg==

"@linaria/core@3.0.0-beta.13":
  version "3.0.0-beta.13"
  resolved "https://registry.npmjs.org/@linaria/core/-/core-3.0.0-beta.13.tgz"
  integrity sha512-3zEi5plBCOsEzUneRVuQb+2SAx3qaC1dj0FfFAI6zIJQoDWu0dlSwKijMRack7oO9tUWrchfj3OkKQAd1LBdVg==

"@popperjs/core@^2.9.0":
  version "2.11.7"
  resolved "https://registry.npmjs.org/@popperjs/core/-/core-2.11.7.tgz"
  integrity sha512-Cr4OjIkipTtcXKjAsm8agyleBuDHvxzeBoa1v543lbv1YaIwQjESsVcmjiWiPEbC1FIeHOG/Op9kdCmAmiS3Kw==

"@remirror/core-constants@^2.0.0":
  version "2.0.0"
  resolved "https://registry.npmjs.org/@remirror/core-constants/-/core-constants-2.0.0.tgz"
  integrity sha512-vpePPMecHJllBqCWXl6+FIcZqS+tRUM2kSCCKFeEo1H3XUEv3ocijBIPhnlSAa7g6maX+12ATTgxrOsLpWVr2g==
  dependencies:
    "@babel/runtime" "^7.13.10"

"@remirror/core-helpers@^2.0.1":
  version "2.0.1"
  resolved "https://registry.npmjs.org/@remirror/core-helpers/-/core-helpers-2.0.1.tgz"
  integrity sha512-s8M1pn33aBUhduvD1QR02uUQMegnFkGaTr4c1iBzxTTyg0rbQstzuQ7Q8TkL6n64JtgCdJS9jLz2dONb2meBKQ==
  dependencies:
    "@babel/runtime" "^7.13.10"
    "@linaria/core" "3.0.0-beta.13"
    "@remirror/core-constants" "^2.0.0"
    "@remirror/types" "^1.0.0"
    "@types/object.omit" "^3.0.0"
    "@types/object.pick" "^1.3.1"
    "@types/throttle-debounce" "^2.1.0"
    case-anything "^2.1.10"
    dash-get "^1.0.2"
    deepmerge "^4.2.2"
    fast-deep-equal "^3.1.3"
    make-error "^1.3.6"
    object.omit "^3.0.0"
    object.pick "^1.3.0"
    throttle-debounce "^3.0.1"

"@remirror/types@^1.0.0":
  version "1.0.0"
  resolved "https://registry.npmjs.org/@remirror/types/-/types-1.0.0.tgz"
  integrity sha512-7HQbW7k8VxrAtfzs9FxwO6XSDabn8tSFDi1wwzShOnU+cvaYpfxu0ygyTk3TpXsag1hgFKY3ZIlAfB4WVz2LkQ==
  dependencies:
    type-fest "^2.0.0"

"@tabler/icons-svelte@^2.28.0":
  version "2.28.0"
  resolved "https://registry.yarnpkg.com/@tabler/icons-svelte/-/icons-svelte-2.28.0.tgz#783b88bd4d7322598d092564a9325a6e72957e63"
  integrity sha512-Mt6vFMFkz5BTVS0NFEWx0cFBv/94mlOZBOFNi5JmG5yb2vBLcGWcbQ565qPLxNZWRD0l3XDfyr5gRbPT3+44yA==
  dependencies:
    "@tabler/icons" "2.28.0"

"@tabler/icons@2.28.0":
  version "2.28.0"
  resolved "https://registry.yarnpkg.com/@tabler/icons/-/icons-2.28.0.tgz#0ab357c434e31b25d7aef868fa08143711f2e7e5"
  integrity sha512-JgqeXzS2Cik0Bed+dn3AYh/N2OqLv7FzoOqIzAWnywJyVOBNxB47pzW4Zc0hidDVCk2dt1ekeC2jHaXSheT+BQ==

"@tailwindcss/typography@^0.5.9":
  version "0.5.9"
  resolved "https://registry.npmjs.org/@tailwindcss/typography/-/typography-0.5.9.tgz"
  integrity sha512-t8Sg3DyynFysV9f4JDOVISGsjazNb48AeIYQwcL+Bsq5uf4RYL75C1giZ43KISjeDGBaTN3Kxh7Xj/vRSMJUUg==
  dependencies:
    lodash.castarray "^4.4.0"
    lodash.isplainobject "^4.0.6"
    lodash.merge "^4.6.2"
    postcss-selector-parser "6.0.10"

"@tiptap/core@^2.0.1":
  version "2.0.1"
  resolved "https://registry.npmjs.org/@tiptap/core/-/core-2.0.1.tgz"
  integrity sha512-IY5K17e1YdlJIykCt3NuOyqK/SHyGwk2X7eyLYfZJGJwqzuPuf3y8X1zZQQN53t5UVfsgqsF9RweVEee40o1Aw==

"@tiptap/extension-blockquote@^2.0.1":
  version "2.0.1"
  resolved "https://registry.npmjs.org/@tiptap/extension-blockquote/-/extension-blockquote-2.0.1.tgz"
  integrity sha512-j4n5iTeBc/YIoW83nZPoc1/fKeoA32tPaOH/quQdtkBgXEM9r4PiK7NfsJxbFq7UGk0oa3ibRSiBxzODgZIVlw==

"@tiptap/extension-bold@^2.0.1":
  version "2.0.1"
  resolved "https://registry.npmjs.org/@tiptap/extension-bold/-/extension-bold-2.0.1.tgz"
  integrity sha512-SYzs0e3FcAmJbYQkQ+LLRnoBNrFvG0i2zc+lFbrSYVCiEpqb5QPz5mgmQvnrH/Sl89WewnoeMu7pLqVEpfAWuw==

"@tiptap/extension-bubble-menu@^2.0.1":
  version "2.0.1"
  resolved "https://registry.npmjs.org/@tiptap/extension-bubble-menu/-/extension-bubble-menu-2.0.1.tgz"
  integrity sha512-ZA8T7+yjlHzEjBeOlWAqz/9XvBb/rJ7/PiYjM57UXuT/ZgPMPL7KXI/KtS7vaRCnmKaGL6EJ1tBcZhjU24vNzA==
  dependencies:
    tippy.js "^6.3.7"

"@tiptap/extension-bullet-list@^2.0.1":
  version "2.0.1"
  resolved "https://registry.npmjs.org/@tiptap/extension-bullet-list/-/extension-bullet-list-2.0.1.tgz"
  integrity sha512-IniXv9VgHkyWF2wJKxoILhNnJPwWNlIRW2LNSlXzkl70k0BsPGcAfiEIJtPqpVwh03QPc5v1y5UeuOOO6VQbqA==

"@tiptap/extension-code-block-lowlight@^2.0.4":
  version "2.0.4"
  resolved "https://registry.yarnpkg.com/@tiptap/extension-code-block-lowlight/-/extension-code-block-lowlight-2.0.4.tgz#e641f08d2ea77271722e848c6efa819b63638b1a"
  integrity sha512-fKM/4MY9R75IJJVt7P+aD+GX3yzzL6oHo1dn4hNFJlYp2x5+yH6kneaqKcTglVicBCGc8Ks6wJLEZTxxG35MOA==

"@tiptap/extension-code-block@^2.0.1":
  version "2.0.1"
  resolved "https://registry.npmjs.org/@tiptap/extension-code-block/-/extension-code-block-2.0.1.tgz"
  integrity sha512-dPGKAlg0P2Qpikp8IF3r3kAD9II/Mc9cB8Wa3czwPr8r9Oobyy3UL7R7WqMy33abLgHmS/RuerOsTXz6sHBMww==

"@tiptap/extension-code@^2.0.1":
  version "2.0.1"
  resolved "https://registry.npmjs.org/@tiptap/extension-code/-/extension-code-2.0.1.tgz"
  integrity sha512-9Ygk2Ijfu89JFRwtId1x/u3yJUMfVSo6bkiUUmIFf04evgIgzBYMNl/KQerapmkcbkXWGCZ7/gcu+WUmU4c7lQ==

"@tiptap/extension-document@^2.0.1":
  version "2.0.1"
  resolved "https://registry.npmjs.org/@tiptap/extension-document/-/extension-document-2.0.1.tgz"
  integrity sha512-9T14qBa6uKieJ+FCGm0nL9o8LTjwqlfc2pYQkkjXXWFivMXoVeL9rVIlarANgbJZKYsZ4L5tkyXcKQ32nZmMjg==

"@tiptap/extension-dropcursor@^2.0.1":
  version "2.0.1"
  resolved "https://registry.npmjs.org/@tiptap/extension-dropcursor/-/extension-dropcursor-2.0.1.tgz"
  integrity sha512-OuqMhj13hPSdxc6G3xDmGvwe3AfczMQjAoSPakNW9pSSzrjJJa3Tr08kI+TyZDUm3vKM4af+lL/oCeXSupGAbQ==

"@tiptap/extension-gapcursor@^2.0.1":
  version "2.0.1"
  resolved "https://registry.npmjs.org/@tiptap/extension-gapcursor/-/extension-gapcursor-2.0.1.tgz"
  integrity sha512-NZbT4BIpXlf3gxqQMsZ173bJreGfr43eBwR/tJ8nBLcgBmFKiDfRTW3Whj7+EGD6Ek6rqUX0EekKG93Wes+I4w==

"@tiptap/extension-hard-break@^2.0.1":
  version "2.0.1"
  resolved "https://registry.npmjs.org/@tiptap/extension-hard-break/-/extension-hard-break-2.0.1.tgz"
  integrity sha512-H8NdmOuYehuMMRd0iWOeyN8ukAebqu6BWbDiZUKm+yx+1b7woadVofojLnGlreQT2II3cC4g8D9J7JfrcQtbyg==

"@tiptap/extension-heading@^2.0.1":
  version "2.0.1"
  resolved "https://registry.npmjs.org/@tiptap/extension-heading/-/extension-heading-2.0.1.tgz"
  integrity sha512-JkwlePSyDraVrWisr5lE/yqK4FXm5YSiiQiIo/1W9vFLdMPsAbRCSZrBO4fV7gyppbFgQQikEWDgxYHshq/TOg==

"@tiptap/extension-history@^2.0.1":
  version "2.0.1"
  resolved "https://registry.npmjs.org/@tiptap/extension-history/-/extension-history-2.0.1.tgz"
  integrity sha512-nT4XbZUEyi+xSnwIeG+JqfHmWhF+amCwYsr7oYM/oa/BFDGaRHaNIrS3D+DpzjRrKguuLDxyhZkJEu1K2Rjsqw==

"@tiptap/extension-horizontal-rule@^2.0.1":
  version "2.0.1"
  resolved "https://registry.npmjs.org/@tiptap/extension-horizontal-rule/-/extension-horizontal-rule-2.0.1.tgz"
  integrity sha512-JNgu0ioOBhn3Djn8vd41y3DrqeEfWMLIWNRVO81OqQRvWZhpRwIUuDoRrzR45wxjymq9flc+iz7zuFW1kszpQA==

"@tiptap/extension-image@^2.0.1":
  version "2.0.1"
  resolved "https://registry.npmjs.org/@tiptap/extension-image/-/extension-image-2.0.1.tgz"
  integrity sha512-FMXY0Y3nsDtAb1gNGidNhXnyJTZw6bOwYXg6jEV/K05HIz/svMQVkXLR04vSKczr7DWnlOmaJiqzge9Hc9WJ9Q==

"@tiptap/extension-italic@^2.0.1":
  version "2.0.1"
  resolved "https://registry.npmjs.org/@tiptap/extension-italic/-/extension-italic-2.0.1.tgz"
  integrity sha512-lVIyKa3qjqD4rUKSzVghkS5xonJ8k+msvy5Sr5xd6duwEBOk7e0oKtXmdn7B1VBH64i/U3Cx0QRgDlEyukvV2Q==

"@tiptap/extension-link@^2.0.2":
  version "2.0.2"
  resolved "https://registry.npmjs.org/@tiptap/extension-link/-/extension-link-2.0.2.tgz"
  integrity sha512-PzBM09Mmsxj0V5fAa0kxdIZdkNjowQWj4O4nrjEWSbSmF90v0Fyj4R/VjSg4dBf3ExfFNYmsjC3wPiRulnCu5g==
  dependencies:
    linkifyjs "^4.1.0"

"@tiptap/extension-list-item@^2.0.1":
  version "2.0.1"
  resolved "https://registry.npmjs.org/@tiptap/extension-list-item/-/extension-list-item-2.0.1.tgz"
  integrity sha512-WxLRcwhMGp12+hV1nLTRVxPJ3ZsjLzA3tyaYySBf6IQpmoikH8DbzvprwV30lHfYbZvcQWQJx3ECIcQdGbtPPg==

"@tiptap/extension-ordered-list@^2.0.1":
  version "2.0.1"
  resolved "https://registry.npmjs.org/@tiptap/extension-ordered-list/-/extension-ordered-list-2.0.1.tgz"
  integrity sha512-7Q3hqAy2TYZ1p3J0GtEDcUJrbC/NxzWNF1H4zKW3VQGQhffUDNgHBk4uCLLVyf1A3vm50JmEAwQFrrwoozFmqQ==

"@tiptap/extension-paragraph@^2.0.1":
  version "2.0.1"
  resolved "https://registry.npmjs.org/@tiptap/extension-paragraph/-/extension-paragraph-2.0.1.tgz"
  integrity sha512-fVr5BZ7glyf/80vIO+GSQdeIcTvuXKGW9QvU0Mw8y1ek9Edd3MLWMxKdDurTswApnxIluvJFjmzp4XEogHHlhg==

"@tiptap/extension-strike@^2.0.1":
  version "2.0.1"
  resolved "https://registry.npmjs.org/@tiptap/extension-strike/-/extension-strike-2.0.1.tgz"
  integrity sha512-gHNO47T5tbeFzhjJUn2Ob5RrqkG4joVyvUv3fFkSqpNngTIcqT5hJ7A3tDj2CKQGmUpU5SxM68sHMoIGpXdWIQ==

"@tiptap/extension-text@^2.0.1":
  version "2.0.1"
  resolved "https://registry.npmjs.org/@tiptap/extension-text/-/extension-text-2.0.1.tgz"
  integrity sha512-jwfpf71JZn04T4xcOMGJXCHTZoyvVtBusn6ZyRSQT4cVnDUgWcIbmIW5xccvGy8klBepBDS2ff+Nce3pxQnqug==

"@tiptap/pm@^2.0.1":
  version "2.0.1"
  resolved "https://registry.npmjs.org/@tiptap/pm/-/pm-2.0.1.tgz"
  integrity sha512-Vu6PAVNbIArhNCA3TXC9bX4Qj4duI+3jZhGptTDU+4wLHSjp6p1zM+RKRHFdIIBZG+v9uATWyitrvNd7qHlJdQ==
  dependencies:
    prosemirror-changeset "^2.2.0"
    prosemirror-collab "^1.3.0"
    prosemirror-commands "^1.3.1"
    prosemirror-dropcursor "^1.5.0"
    prosemirror-gapcursor "^1.3.1"
    prosemirror-history "^1.3.0"
    prosemirror-inputrules "^1.2.0"
    prosemirror-keymap "^1.2.0"
    prosemirror-markdown "^1.10.1"
    prosemirror-menu "^1.2.1"
    prosemirror-model "^1.18.1"
    prosemirror-schema-basic "^1.2.0"
    prosemirror-schema-list "^1.2.2"
    prosemirror-state "^1.4.1"
    prosemirror-tables "^1.3.0"
    prosemirror-trailing-node "^2.0.2"
    prosemirror-transform "^1.7.0"
    prosemirror-view "^1.28.2"

"@tiptap/starter-kit@^2.0.1":
  version "2.0.1"
  resolved "https://registry.npmjs.org/@tiptap/starter-kit/-/starter-kit-2.0.1.tgz"
  integrity sha512-LxSAwVpaLsbUodDQRvfAiWc6QYG2Fq1m5ZDzoPBAFJq/aCcI0Gt5Gf3AQrOWpuj9FV8kelbr9gUkPqJR60K+Pg==
  dependencies:
    "@tiptap/core" "^2.0.1"
    "@tiptap/extension-blockquote" "^2.0.1"
    "@tiptap/extension-bold" "^2.0.1"
    "@tiptap/extension-bullet-list" "^2.0.1"
    "@tiptap/extension-code" "^2.0.1"
    "@tiptap/extension-code-block" "^2.0.1"
    "@tiptap/extension-document" "^2.0.1"
    "@tiptap/extension-dropcursor" "^2.0.1"
    "@tiptap/extension-gapcursor" "^2.0.1"
    "@tiptap/extension-hard-break" "^2.0.1"
    "@tiptap/extension-heading" "^2.0.1"
    "@tiptap/extension-history" "^2.0.1"
    "@tiptap/extension-horizontal-rule" "^2.0.1"
    "@tiptap/extension-italic" "^2.0.1"
    "@tiptap/extension-list-item" "^2.0.1"
    "@tiptap/extension-ordered-list" "^2.0.1"
    "@tiptap/extension-paragraph" "^2.0.1"
    "@tiptap/extension-strike" "^2.0.1"
    "@tiptap/extension-text" "^2.0.1"

"@tiptap/suggestion@^2.0.3":
  version "2.0.3"
  resolved "https://registry.npmjs.org/@tiptap/suggestion/-/suggestion-2.0.3.tgz"
  integrity sha512-1y3palQStGZq13UtHjouZ50k4sotM+N56cIlFeygIv3gqdai2zGPaPQtqV9FOVVQizXpUbQMTlPSDC5Ej4SPnQ==

"@types/hast@^2.0.0":
  version "2.3.5"
  resolved "https://registry.yarnpkg.com/@types/hast/-/hast-2.3.5.tgz#08caac88b44d0fdd04dc17a19142355f43bd8a7a"
  integrity sha512-SvQi0L/lNpThgPoleH53cdjB3y9zpLlVjRbqB3rH8hx1jiRSBGAhyjV3H+URFjNVRqt2EdYNrbZE5IsGlNfpRg==
  dependencies:
    "@types/unist" "^2"

"@types/object.omit@^3.0.0":
  version "3.0.0"
  resolved "https://registry.npmjs.org/@types/object.omit/-/object.omit-3.0.0.tgz"
  integrity sha512-I27IoPpH250TUzc9FzXd0P1BV/BMJuzqD3jOz98ehf9dQqGkxlq+hO1bIqZGWqCg5bVOy0g4AUVJtnxe0klDmw==

"@types/object.pick@^1.3.1":
  version "1.3.2"
  resolved "https://registry.npmjs.org/@types/object.pick/-/object.pick-1.3.2.tgz"
  integrity sha512-sn7L+qQ6RLPdXRoiaE7bZ/Ek+o4uICma/lBFPyJEKDTPTBP1W8u0c4baj3EiS4DiqLs+Hk+KUGvMVJtAw3ePJg==

"@types/pug@^2.0.6":
  version "2.0.6"
  resolved "https://registry.yarnpkg.com/@types/pug/-/pug-2.0.6.tgz#f830323c88172e66826d0bde413498b61054b5a6"
  integrity sha512-SnHmG9wN1UVmagJOnyo/qkk0Z7gejYxOYYmaAwr5u2yFYfsupN3sg10kyzN8Hep/2zbHxCnsumxOoRIRMBwKCg==

"@types/throttle-debounce@^2.1.0":
  version "2.1.0"
  resolved "https://registry.npmjs.org/@types/throttle-debounce/-/throttle-debounce-2.1.0.tgz"
  integrity sha512-5eQEtSCoESnh2FsiLTxE121IiE60hnMqcb435fShf4bpLRjEu1Eoekht23y6zXS9Ts3l+Szu3TARnTsA0GkOkQ==

"@types/unist@^2":
  version "2.0.7"
  resolved "https://registry.yarnpkg.com/@types/unist/-/unist-2.0.7.tgz#5b06ad6894b236a1d2bd6b2f07850ca5c59cf4d6"
  integrity sha512-cputDpIbFgLUaGQn6Vqg3/YsJwxUwHLO13v3i5ouxT4lat0khip9AEWxtERujXV9wxIB1EyF97BSJFt6vpdI8g==

argparse@^2.0.1:
  version "2.0.1"
  resolved "https://registry.npmjs.org/argparse/-/argparse-2.0.1.tgz"
  integrity sha512-8+9WqebbFzpX9OR+Wa6O29asIogeRMzcGtAINdpMHHyAg10f05aSFVBbcEqGf/PXw1EjAZ+q2/bEBg3DvurK3Q==

balanced-match@^1.0.0:
  version "1.0.2"
  resolved "https://registry.yarnpkg.com/balanced-match/-/balanced-match-1.0.2.tgz#e83e3a7e3f300b34cb9d87f615fa0cbf357690ee"
  integrity sha512-3oSeUO0TMV67hN1AmbXsK4yaqU7tjiHlbxRDZOpH0KW9+CeX4bRAaX0Anxt0tx2MrpRpWwQaPwIlISEJhYU5Pw==

brace-expansion@^1.1.7:
  version "1.1.11"
  resolved "https://registry.yarnpkg.com/brace-expansion/-/brace-expansion-1.1.11.tgz#3c7fcbf529d87226f3d2f52b966ff5271eb441dd"
  integrity sha512-iCuPHDFgrHX7H2vEI/5xpz07zSHB00TpugqhmYtVmMO6518mCuRMoOYFldEBl0g187ufozdaHgWKcYFb61qGiA==
  dependencies:
    balanced-match "^1.0.0"
    concat-map "0.0.1"

buffer-crc32@^0.2.5:
  version "0.2.13"
  resolved "https://registry.yarnpkg.com/buffer-crc32/-/buffer-crc32-0.2.13.tgz#0d333e3f00eac50aa1454abd30ef8c2a5d9a7242"
  integrity sha512-VO9Ht/+p3SN7SKWqcrgEzjGbRSJYTx+Q1pTQC0wrWqHx0vpJraQ6GtHx8tvcg1rlK1byhU5gccxgOgj7B0TDkQ==

case-anything@^2.1.10:
  version "2.1.10"
  resolved "https://registry.npmjs.org/case-anything/-/case-anything-2.1.10.tgz"
  integrity sha512-JczJwVrCP0jPKh05McyVsuOg6AYosrB9XWZKbQzXeDAm2ClE/PJE/BcrrQrVyGYH7Jg8V/LDupmyL4kFlVsVFQ==

concat-map@0.0.1:
  version "0.0.1"
  resolved "https://registry.yarnpkg.com/concat-map/-/concat-map-0.0.1.tgz#d8a96bd77fd68df7793a73036a3ba0d5405d477b"
  integrity sha512-/Srv4dswyQNBfohGpz9o6Yb3Gz3SrUDqBH5rTuhGR7ahtlbYKnVxw2bCFMRljaA7EXHaXZ8wsHdodFvbkhKmqg==

crelt@^1.0.0:
  version "1.0.5"
  resolved "https://registry.npmjs.org/crelt/-/crelt-1.0.5.tgz"
  integrity sha512-+BO9wPPi+DWTDcNYhr/W90myha8ptzftZT+LwcmUbbok0rcP/fequmFYCw8NMoH7pkAZQzU78b3kYrlua5a9eA==

cssesc@^3.0.0:
  version "3.0.0"
  resolved "https://registry.npmjs.org/cssesc/-/cssesc-3.0.0.tgz"
  integrity sha512-/Tb/JcjK111nNScGob5MNtsntNM1aCNUDipB/TkwZFhyDrrE47SOx/18wF2bbjgc3ZzCSKW1T5nt5EbFoAz/Vg==

dash-get@^1.0.2:
  version "1.0.2"
  resolved "https://registry.npmjs.org/dash-get/-/dash-get-1.0.2.tgz"
  integrity sha512-4FbVrHDwfOASx7uQVxeiCTo7ggSdYZbqs8lH+WU6ViypPlDbe9y6IP5VVUDQBv9DcnyaiPT5XT0UWHgJ64zLeQ==

deepmerge@^4.2.2:
  version "4.3.1"
  resolved "https://registry.npmjs.org/deepmerge/-/deepmerge-4.3.1.tgz"
  integrity sha512-3sUqbMEc77XqpdNO7FRyRog+eW3ph+GYCbj+rK+uYyRMuwsVy0rMiVtPn+QJlKFvWP/1PYpapqYn0Me2knFn+A==

detect-indent@^6.1.0:
  version "6.1.0"
  resolved "https://registry.yarnpkg.com/detect-indent/-/detect-indent-6.1.0.tgz#592485ebbbf6b3b1ab2be175c8393d04ca0d57e6"
  integrity sha512-reYkTUJAZb9gUuZ2RvVCNhVHdg62RHnJ7WJl8ftMi4diZ6NWlciOzQN88pUhSELEwflJht4oQDv0F0BMlwaYtA==

entities@~3.0.1:
  version "3.0.1"
  resolved "https://registry.npmjs.org/entities/-/entities-3.0.1.tgz"
  integrity sha512-WiyBqoomrwMdFG1e0kqvASYfnlb0lp8M5o5Fw2OFq1hNZxxcNk8Ik0Xm7LxzBhuidnZB/UtBqVCgUz3kBOP51Q==

es6-promise@^3.1.2:
  version "3.3.1"
  resolved "https://registry.yarnpkg.com/es6-promise/-/es6-promise-3.3.1.tgz#a08cdde84ccdbf34d027a1451bc91d4bcd28a613"
  integrity sha512-SOp9Phqvqn7jtEUxPWdWfWoLmyt2VaJ6MpvP9Comy1MceMXqE6bxvaTu4iaxpYYPzhny28Lc+M87/c2cPK6lDg==

esbuild-svelte@^0.7.3:
  version "0.7.3"
  resolved "https://registry.npmjs.org/esbuild-svelte/-/esbuild-svelte-0.7.3.tgz"
  integrity sha512-aq4PjZowV2LhW5U6KYKDkaHiAp9q/NquthbX1tddGRGYrlaBBGgDNis58jNU4wU6+iHsNWfLVsg8G3W6ccszdw==

esbuild@^0.17.18:
  version "0.17.18"
  resolved "https://registry.npmjs.org/esbuild/-/esbuild-0.17.18.tgz"
  integrity sha512-z1lix43jBs6UKjcZVKOw2xx69ffE2aG0PygLL5qJ9OS/gy0Ewd1gW/PUQIOIQGXBHWNywSc0floSKoMFF8aK2w==
  optionalDependencies:
    "@esbuild/android-arm" "0.17.18"
    "@esbuild/android-arm64" "0.17.18"
    "@esbuild/android-x64" "0.17.18"
    "@esbuild/darwin-arm64" "0.17.18"
    "@esbuild/darwin-x64" "0.17.18"
    "@esbuild/freebsd-arm64" "0.17.18"
    "@esbuild/freebsd-x64" "0.17.18"
    "@esbuild/linux-arm" "0.17.18"
    "@esbuild/linux-arm64" "0.17.18"
    "@esbuild/linux-ia32" "0.17.18"
    "@esbuild/linux-loong64" "0.17.18"
    "@esbuild/linux-mips64el" "0.17.18"
    "@esbuild/linux-ppc64" "0.17.18"
    "@esbuild/linux-riscv64" "0.17.18"
    "@esbuild/linux-s390x" "0.17.18"
    "@esbuild/linux-x64" "0.17.18"
    "@esbuild/netbsd-x64" "0.17.18"
    "@esbuild/openbsd-x64" "0.17.18"
    "@esbuild/sunos-x64" "0.17.18"
    "@esbuild/win32-arm64" "0.17.18"
    "@esbuild/win32-ia32" "0.17.18"
    "@esbuild/win32-x64" "0.17.18"

escape-string-regexp@^4.0.0:
  version "4.0.0"
  resolved "https://registry.npmjs.org/escape-string-regexp/-/escape-string-regexp-4.0.0.tgz"
  integrity sha512-TtpcNJ3XAzx3Gq8sWRzJaVajRs0uVxA2YAkdb1jm2YkPz4G6egUFAyA3n5vtEIZefPk5Wa4UXbKuS5fKkJWdgA==

fast-deep-equal@^3.1.3:
  version "3.1.3"
  resolved "https://registry.npmjs.org/fast-deep-equal/-/fast-deep-equal-3.1.3.tgz"
  integrity sha512-f3qQ9oQy9j2AhBe/H9VC91wLmKBCCU/gDOnKNAYG5hswO7BLKj09Hc5HYNz9cGI++xlpDCIgDaitVs03ATR84Q==

fault@^2.0.0:
  version "2.0.1"
  resolved "https://registry.yarnpkg.com/fault/-/fault-2.0.1.tgz#d47ca9f37ca26e4bd38374a7c500b5a384755b6c"
  integrity sha512-WtySTkS4OKev5JtpHXnib4Gxiurzh5NCGvWrFaZ34m6JehfTUhKZvn9njTfw48t6JumVQOmrKqpmGcdwxnhqBQ==
  dependencies:
    format "^0.2.0"

format@^0.2.0:
  version "0.2.2"
  resolved "https://registry.yarnpkg.com/format/-/format-0.2.2.tgz#d6170107e9efdc4ed30c9dc39016df942b5cb58b"
  integrity sha512-wzsgA6WOq+09wrU1tsJ09udeR/YZRaeArL9e1wPbFg3GG2yDnC2ldKpxs4xunpFF9DgqCqOIra3bc1HWrJ37Ww==

fs.realpath@^1.0.0:
  version "1.0.0"
  resolved "https://registry.yarnpkg.com/fs.realpath/-/fs.realpath-1.0.0.tgz#1504ad2523158caa40db4a2787cb01411994ea4f"
  integrity sha512-OO0pH2lK6a0hZnAdau5ItzHPI6pUlvI7jMVnxUQRtw4owF2wk8lOSabtGDCTP4Ggrg2MbGnWO9X8K1t4+fGMDw==

glob@^7.1.3:
  version "7.2.3"
  resolved "https://registry.yarnpkg.com/glob/-/glob-7.2.3.tgz#b8df0fb802bbfa8e89bd1d938b4e16578ed44f2b"
  integrity sha512-nFR0zLpU2YCaRxwoCJvL6UvCH2JFyFVIvwTLsIf21AuHlMskA1hhTdk+LlYJtOlYt9v6dvszD2BGRqBL+iQK9Q==
  dependencies:
    fs.realpath "^1.0.0"
    inflight "^1.0.4"
    inherits "2"
    minimatch "^3.1.1"
    once "^1.3.0"
    path-is-absolute "^1.0.0"

graceful-fs@^4.1.3:
  version "4.2.11"
  resolved "https://registry.yarnpkg.com/graceful-fs/-/graceful-fs-4.2.11.tgz#4183e4e8bf08bb6e05bbb2f7d2e0c8f712ca40e3"
  integrity sha512-RbJ5/jmFcNNCcDV5o9eTnBLJ/HszWV0P73bc+Ff4nS/rJj+YaS6IGyiOL0VoBYX+l1Wrl3k63h/KrH+nhJ0XvQ==

highlight.js@~11.8.0:
  version "11.8.0"
  resolved "https://registry.yarnpkg.com/highlight.js/-/highlight.js-11.8.0.tgz#966518ea83257bae2e7c9a48596231856555bb65"
  integrity sha512-MedQhoqVdr0U6SSnWPzfiadUcDHfN/Wzq25AkXiQv9oiOO/sG0S7XkvpFIqWBl9Yq1UYyYOOVORs5UW2XlPyzg==

inflight@^1.0.4:
  version "1.0.6"
  resolved "https://registry.yarnpkg.com/inflight/-/inflight-1.0.6.tgz#49bd6331d7d02d0c09bc910a1075ba8165b56df9"
  integrity sha512-k92I/b08q4wvFscXCLvqfsHCrjrF7yiXsQuIVvVE7N82W3+aqpzuUdBbfhWcy/FZR3/4IgflMgKLOsvPDrGCJA==
  dependencies:
    once "^1.3.0"
    wrappy "1"

inherits@2:
  version "2.0.4"
  resolved "https://registry.yarnpkg.com/inherits/-/inherits-2.0.4.tgz#0fa2c64f932917c3433a0ded55363aae37416b7c"
  integrity sha512-k/vGaX4/Yla3WzyMCvTQOXYeIHvqOKtnqBduzTHpzpQZzAskKMhZ2K+EnBiSM9zGSoIFeMpXKxa4dYeZIQqewQ==

is-extendable@^1.0.0:
  version "1.0.1"
  resolved "https://registry.npmjs.org/is-extendable/-/is-extendable-1.0.1.tgz"
  integrity sha512-arnXMxT1hhoKo9k1LZdmlNyJdDDfy2v0fXjFlmok4+i8ul/6WlbVge9bhM74OpNPQPMGUToDtz+KXa1PneJxOA==
  dependencies:
    is-plain-object "^2.0.4"

is-plain-object@^2.0.4:
  version "2.0.4"
  resolved "https://registry.npmjs.org/is-plain-object/-/is-plain-object-2.0.4.tgz"
  integrity sha512-h5PpgXkWitc38BBMYawTYMWJHFZJVnBquFE57xFpjB8pJFiF6gZ+bU+WyI/yqXiFR5mdLsgYNaPe8uao6Uv9Og==
  dependencies:
    isobject "^3.0.1"

isobject@^3.0.1:
  version "3.0.1"
  resolved "https://registry.npmjs.org/isobject/-/isobject-3.0.1.tgz"
  integrity sha512-WhB9zCku7EGTj/HQQRz5aUQEUeoQZH2bWcltRErOpymJ4boYE6wL9Tbr23krRPSZ+C5zqNSrSw+Cc7sZZ4b7vg==

linkify-it@^4.0.1:
  version "4.0.1"
  resolved "https://registry.npmjs.org/linkify-it/-/linkify-it-4.0.1.tgz"
  integrity sha512-C7bfi1UZmoj8+PQx22XyeXCuBlokoyWQL5pWSP+EI6nzRylyThouddufc2c1NDIcP9k5agmN9fLpA7VNJfIiqw==
  dependencies:
    uc.micro "^1.0.1"

linkifyjs@^4.1.0:
  version "4.1.1"
  resolved "https://registry.npmjs.org/linkifyjs/-/linkifyjs-4.1.1.tgz"
  integrity sha512-zFN/CTVmbcVef+WaDXT63dNzzkfRBKT1j464NJQkV7iSgJU0sLBus9W0HBwnXK13/hf168pbrx/V/bjEHOXNHA==

lodash.castarray@^4.4.0:
  version "4.4.0"
  resolved "https://registry.npmjs.org/lodash.castarray/-/lodash.castarray-4.4.0.tgz"
  integrity sha512-aVx8ztPv7/2ULbArGJ2Y42bG1mEQ5mGjpdvrbJcJFU3TbYybe+QlLS4pst9zV52ymy2in1KpFPiZnAOATxD4+Q==

lodash.isplainobject@^4.0.6:
  version "4.0.6"
  resolved "https://registry.npmjs.org/lodash.isplainobject/-/lodash.isplainobject-4.0.6.tgz"
  integrity sha512-oSXzaWypCMHkPC3NvBEaPHf0KsA5mvPrOPgQWDsbg8n7orZ290M0BmC/jgRZ4vcJ6DTAhjrsSYgdsW/F+MFOBA==

lodash.merge@^4.6.2:
  version "4.6.2"
  resolved "https://registry.npmjs.org/lodash.merge/-/lodash.merge-4.6.2.tgz"
  integrity sha512-0KpjqXRVvrYyCsX1swR/XTK0va6VQkQM6MNo7PqW77ByjAhoARA8EfrP1N4+KlKj8YS0ZUCtRT/YUuhyYDujIQ==

lowlight@^2.9.0:
  version "2.9.0"
  resolved "https://registry.yarnpkg.com/lowlight/-/lowlight-2.9.0.tgz#70da647a4319c7bfd8e97721a679b13ef5621496"
  integrity sha512-OpcaUTCLmHuVuBcyNckKfH5B0oA4JUavb/M/8n9iAvanJYNQkrVm4pvyX0SUaqkBG4dnWHKt7p50B3ngAG2Rfw==
  dependencies:
    "@types/hast" "^2.0.0"
    fault "^2.0.0"
    highlight.js "~11.8.0"

magic-string@^0.27.0:
  version "0.27.0"
  resolved "https://registry.yarnpkg.com/magic-string/-/magic-string-0.27.0.tgz#e4a3413b4bab6d98d2becffd48b4a257effdbbf3"
  integrity sha512-8UnnX2PeRAPZuN12svgR9j7M1uWMovg/CEnIwIG0LFkXSJJe4PdfUGiTGl8V9bsBHFUtfVINcSyYxd7q+kx9fA==
  dependencies:
    "@jridgewell/sourcemap-codec" "^1.4.13"

make-error@^1.3.6:
  version "1.3.6"
  resolved "https://registry.npmjs.org/make-error/-/make-error-1.3.6.tgz"
  integrity sha512-s8UhlNe7vPKomQhC1qFelMokr/Sc3AgNbso3n74mVPA5LTZwkB9NlXf4XPamLxJE8h0gh73rM94xvwRT2CVInw==

markdown-it@^13.0.1:
  version "13.0.1"
  resolved "https://registry.npmjs.org/markdown-it/-/markdown-it-13.0.1.tgz"
  integrity sha512-lTlxriVoy2criHP0JKRhO2VDG9c2ypWCsT237eDiLqi09rmbKoUetyGHq2uOIRoRS//kfoJckS0eUzzkDR+k2Q==
  dependencies:
    argparse "^2.0.1"
    entities "~3.0.1"
    linkify-it "^4.0.1"
    mdurl "^1.0.1"
    uc.micro "^1.0.5"

mdurl@^1.0.1:
  version "1.0.1"
  resolved "https://registry.npmjs.org/mdurl/-/mdurl-1.0.1.tgz"
  integrity sha512-/sKlQJCBYVY9Ers9hqzKou4H6V5UWc/M59TH2dvkt+84itfnq7uFOMLpOiOS4ujvHP4etln18fmIxA5R5fll0g==

min-indent@^1.0.0:
  version "1.0.1"
  resolved "https://registry.yarnpkg.com/min-indent/-/min-indent-1.0.1.tgz#a63f681673b30571fbe8bc25686ae746eefa9869"
  integrity sha512-I9jwMn07Sy/IwOj3zVkVik2JTvgpaykDZEigL6Rx6N9LbMywwUSMtxET+7lVoDLLd3O3IXwJwvuuns8UB/HeAg==

minimatch@^3.1.1:
  version "3.1.2"
  resolved "https://registry.yarnpkg.com/minimatch/-/minimatch-3.1.2.tgz#19cd194bfd3e428f049a70817c038d89ab4be35b"
  integrity sha512-J7p63hRiAjw1NDEww1W7i37+ByIrOWO5XQQAzZ3VOcL0PNybwpfmV/N05zFAzwQ9USyEcX6t3UO+K5aqBQOIHw==
  dependencies:
    brace-expansion "^1.1.7"

minimist@^1.2.0, minimist@^1.2.6:
  version "1.2.8"
  resolved "https://registry.yarnpkg.com/minimist/-/minimist-1.2.8.tgz#c1a464e7693302e082a075cee0c057741ac4772c"
  integrity sha512-2yyAR8qBkN3YuheJanUpWC5U3bb5osDywNB8RzDVlDwDHbocAJveqqj1u8+SVD7jkWT4yvsHCpWqqWqAxb0zCA==

mkdirp@^0.5.1:
  version "0.5.6"
  resolved "https://registry.yarnpkg.com/mkdirp/-/mkdirp-0.5.6.tgz#7def03d2432dcae4ba1d611445c48396062255f6"
  integrity sha512-FP+p8RB8OWpF3YZBCrP5gtADmtXApB5AMLn+vdyA+PyxCjrCs00mjyUozssO33cwDeT3wNGdLxJ5M//YqtHAJw==
  dependencies:
    minimist "^1.2.6"

object.omit@^3.0.0:
  version "3.0.0"
  resolved "https://registry.npmjs.org/object.omit/-/object.omit-3.0.0.tgz"
  integrity sha512-EO+BCv6LJfu+gBIF3ggLicFebFLN5zqzz/WWJlMFfkMyGth+oBkhxzDl0wx2W4GkLzuQs/FsSkXZb2IMWQqmBQ==
  dependencies:
    is-extendable "^1.0.0"

object.pick@^1.3.0:
  version "1.3.0"
  resolved "https://registry.npmjs.org/object.pick/-/object.pick-1.3.0.tgz"
  integrity sha512-tqa/UMy/CCoYmj+H5qc07qvSL9dqcs/WZENZ1JbtWBlATP+iVOe778gE6MSijnyCnORzDuX6hU+LA4SZ09YjFQ==
  dependencies:
    isobject "^3.0.1"

once@^1.3.0:
  version "1.4.0"
  resolved "https://registry.yarnpkg.com/once/-/once-1.4.0.tgz#583b1aa775961d4b113ac17d9c50baef9dd76bd1"
  integrity sha512-lNaJgI+2Q5URQBkccEKHTQOPaXdUxnZZElQTZY0MFUAuaEqe1E+Nyvgdz/aIyNi6Z9MzO5dv1H8n58/GELp3+w==
  dependencies:
    wrappy "1"

orderedmap@^2.0.0:
  version "2.1.0"
  resolved "https://registry.npmjs.org/orderedmap/-/orderedmap-2.1.0.tgz"
  integrity sha512-/pIFexOm6S70EPdznemIz3BQZoJ4VTFrhqzu0ACBqBgeLsLxq8e6Jim63ImIfwW/zAD1AlXpRMlOv3aghmo4dA==

path-is-absolute@^1.0.0:
  version "1.0.1"
  resolved "https://registry.yarnpkg.com/path-is-absolute/-/path-is-absolute-1.0.1.tgz#174b9268735534ffbc7ace6bf53a5a9e1b5c5f5f"
  integrity sha512-AVbw3UJ2e9bq64vSaS9Am0fje1Pa8pbGqTTsmXfaIiMpnr5DlDhfJOuLj9Sf95ZPVDAUerDfEk88MPmPe7UCQg==

"phoenix@file:../deps/phoenix":
  version "1.7.6"

"phoenix_html@file:../deps/phoenix_html":
  version "3.3.1"

"phoenix_live_view@file:../deps/phoenix_live_view":
  version "0.18.18"

postcss-selector-parser@6.0.10:
  version "6.0.10"
  resolved "https://registry.npmjs.org/postcss-selector-parser/-/postcss-selector-parser-6.0.10.tgz"
  integrity sha512-IQ7TZdoaqbT+LCpShg46jnZVlhWD2w6iQYAcYXfHARZ7X1t/UGhhceQDs5X0cGqKvYlHNOuv7Oa1xmb0oQuA3w==
  dependencies:
    cssesc "^3.0.0"
    util-deprecate "^1.0.2"

prettier-plugin-svelte@^3.0.0:
  version "3.0.0"
  resolved "https://registry.yarnpkg.com/prettier-plugin-svelte/-/prettier-plugin-svelte-3.0.0.tgz#1e6d98b465bb81db06efca43ed55abb2b3daec64"
  integrity sha512-l3RQcPty2UBCoRh3yb9c5XCAmxkrc4BptAnbd5acO1gmSJtChOWkiEjnOvh7hvmtT4V80S8gXCOKAq8RNeIzSw==

prosemirror-changeset@^2.2.0:
  version "2.2.0"
  resolved "https://registry.npmjs.org/prosemirror-changeset/-/prosemirror-changeset-2.2.0.tgz"
  integrity sha512-QM7ohGtkpVpwVGmFb8wqVhaz9+6IUXcIQBGZ81YNAKYuHiFJ1ShvSzab4pKqTinJhwciZbrtBEk/2WsqSt2PYg==
  dependencies:
    prosemirror-transform "^1.0.0"

prosemirror-collab@^1.3.0:
  version "1.3.0"
  resolved "https://registry.npmjs.org/prosemirror-collab/-/prosemirror-collab-1.3.0.tgz"
  integrity sha512-+S/IJ69G2cUu2IM5b3PBekuxs94HO1CxJIWOFrLQXUaUDKL/JfBx+QcH31ldBlBXyDEUl+k3Vltfi1E1MKp2mA==
  dependencies:
    prosemirror-state "^1.0.0"

prosemirror-commands@^1.0.0, prosemirror-commands@^1.3.1:
  version "1.5.1"
  resolved "https://registry.npmjs.org/prosemirror-commands/-/prosemirror-commands-1.5.1.tgz"
  integrity sha512-ga1ga/RkbzxfAvb6iEXYmrEpekn5NCwTb8w1dr/gmhSoaGcQ0VPuCzOn5qDEpC45ql2oDkKoKQbRxLJwKLpMTQ==
  dependencies:
    prosemirror-model "^1.0.0"
    prosemirror-state "^1.0.0"
    prosemirror-transform "^1.0.0"

prosemirror-dropcursor@^1.5.0:
  version "1.8.0"
  resolved "https://registry.npmjs.org/prosemirror-dropcursor/-/prosemirror-dropcursor-1.8.0.tgz"
  integrity sha512-TZMitR8nlp9Xh42pDYGcWopCoFPmJduoyGJ7FjYM2/7gZKnfD41TIaZN5Q1cQjm6Fm/P5vk/DpVYFhS8kDdigw==
  dependencies:
    prosemirror-state "^1.0.0"
    prosemirror-transform "^1.1.0"
    prosemirror-view "^1.1.0"

prosemirror-gapcursor@^1.3.1:
  version "1.3.1"
  resolved "https://registry.npmjs.org/prosemirror-gapcursor/-/prosemirror-gapcursor-1.3.1.tgz"
  integrity sha512-GKTeE7ZoMsx5uVfc51/ouwMFPq0o8YrZ7Hx4jTF4EeGbXxBveUV8CGv46mSHuBBeXGmvu50guoV2kSnOeZZnUA==
  dependencies:
    prosemirror-keymap "^1.0.0"
    prosemirror-model "^1.0.0"
    prosemirror-state "^1.0.0"
    prosemirror-view "^1.0.0"

prosemirror-history@^1.0.0, prosemirror-history@^1.3.0:
  version "1.3.0"
  resolved "https://registry.npmjs.org/prosemirror-history/-/prosemirror-history-1.3.0.tgz"
  integrity sha512-qo/9Wn4B/Bq89/YD+eNWFbAytu6dmIM85EhID+fz9Jcl9+DfGEo8TTSrRhP15+fFEoaPqpHSxlvSzSEbmlxlUA==
  dependencies:
    prosemirror-state "^1.2.2"
    prosemirror-transform "^1.0.0"
    rope-sequence "^1.3.0"

prosemirror-inputrules@^1.2.0:
  version "1.2.0"
  resolved "https://registry.npmjs.org/prosemirror-inputrules/-/prosemirror-inputrules-1.2.0.tgz"
  integrity sha512-eAW/M/NTSSzpCOxfR8Abw6OagdG0MiDAiWHQMQveIsZtoKVYzm0AflSPq/ymqJd56/Su1YPbwy9lM13wgHOFmQ==
  dependencies:
    prosemirror-state "^1.0.0"
    prosemirror-transform "^1.0.0"

prosemirror-keymap@^1.0.0, prosemirror-keymap@^1.1.2, prosemirror-keymap@^1.2.0:
  version "1.2.1"
  resolved "https://registry.npmjs.org/prosemirror-keymap/-/prosemirror-keymap-1.2.1.tgz"
  integrity sha512-kVK6WGC+83LZwuSJnuCb9PsADQnFZllt94qPP3Rx/vLcOUV65+IbBeH2nS5cFggPyEVJhGkGrgYFRrG250WhHQ==
  dependencies:
    prosemirror-state "^1.0.0"
    w3c-keyname "^2.2.0"

prosemirror-markdown@^1.10.1:
  version "1.10.1"
  resolved "https://registry.npmjs.org/prosemirror-markdown/-/prosemirror-markdown-1.10.1.tgz"
  integrity sha512-s7iaTLiX+qO5z8kF2NcMmy2T7mIlxzkS4Sp3vTKSYChPtbMpg6YxFkU0Y06rUg2WtKlvBu7v1bXzlGBkfjUWAA==
  dependencies:
    markdown-it "^13.0.1"
    prosemirror-model "^1.0.0"

prosemirror-menu@^1.2.1:
  version "1.2.1"
  resolved "https://registry.npmjs.org/prosemirror-menu/-/prosemirror-menu-1.2.1.tgz"
  integrity sha512-sBirXxVfHalZO4f1ZS63WzewINK4182+7dOmoMeBkqYO8wqMBvBS7wQuwVOHnkMWPEh0+N0LJ856KYUN+vFkmQ==
  dependencies:
    crelt "^1.0.0"
    prosemirror-commands "^1.0.0"
    prosemirror-history "^1.0.0"
    prosemirror-state "^1.0.0"

prosemirror-model@^1.0.0, prosemirror-model@^1.16.0, prosemirror-model@^1.18.1, prosemirror-model@^1.19.0, prosemirror-model@^1.8.1:
  version "1.19.0"
  resolved "https://registry.npmjs.org/prosemirror-model/-/prosemirror-model-1.19.0.tgz"
  integrity sha512-/CvFGJnwc41EJSfDkQLly1cAJJJmBpZwwUJtwZPTjY2RqZJfM8HVbCreOY/jti8wTRbVyjagcylyGoeJH/g/3w==
  dependencies:
    orderedmap "^2.0.0"

prosemirror-schema-basic@^1.2.0:
  version "1.2.1"
  resolved "https://registry.npmjs.org/prosemirror-schema-basic/-/prosemirror-schema-basic-1.2.1.tgz"
  integrity sha512-vYBdIHsYKSDIqYmPBC7lnwk9DsKn8PnVqK97pMYP5MLEDFqWIX75JiaJTzndBii4bRuNqhC2UfDOfM3FKhlBHg==
  dependencies:
    prosemirror-model "^1.19.0"

prosemirror-schema-list@^1.2.2:
  version "1.2.2"
  resolved "https://registry.npmjs.org/prosemirror-schema-list/-/prosemirror-schema-list-1.2.2.tgz"
  integrity sha512-rd0pqSDp86p0MUMKG903g3I9VmElFkQpkZ2iOd3EOVg1vo5Cst51rAsoE+5IPy0LPXq64eGcCYlW1+JPNxOj2w==
  dependencies:
    prosemirror-model "^1.0.0"
    prosemirror-state "^1.0.0"
    prosemirror-transform "^1.0.0"

prosemirror-state@^1.0.0, prosemirror-state@^1.2.2, prosemirror-state@^1.3.1, prosemirror-state@^1.4.1:
  version "1.4.2"
  resolved "https://registry.npmjs.org/prosemirror-state/-/prosemirror-state-1.4.2.tgz"
  integrity sha512-puuzLD2mz/oTdfgd8msFbe0A42j5eNudKAAPDB0+QJRw8cO1ygjLmhLrg9RvDpf87Dkd6D4t93qdef00KKNacQ==
  dependencies:
    prosemirror-model "^1.0.0"
    prosemirror-transform "^1.0.0"
    prosemirror-view "^1.27.0"

prosemirror-tables@^1.3.0:
  version "1.3.2"
  resolved "https://registry.npmjs.org/prosemirror-tables/-/prosemirror-tables-1.3.2.tgz"
  integrity sha512-/9JTeN6s58Zq66HXaxP6uf8PAmc7XXKZFPlOGVtLvxEd6xBP6WtzaJB9wBjiGUzwbdhdMEy7V62yuHqk/3VrnQ==
  dependencies:
    prosemirror-keymap "^1.1.2"
    prosemirror-model "^1.8.1"
    prosemirror-state "^1.3.1"
    prosemirror-transform "^1.2.1"
    prosemirror-view "^1.13.3"

prosemirror-trailing-node@^2.0.2:
  version "2.0.3"
  resolved "https://registry.npmjs.org/prosemirror-trailing-node/-/prosemirror-trailing-node-2.0.3.tgz"
  integrity sha512-lGrjMrn97KWkjQSW/FjdvnhJmqFACmQIyr6lKYApvHitDnKsCoZz6XzrHB7RZYHni/0NxQmZ01p/2vyK2SkvaA==
  dependencies:
    "@babel/runtime" "^7.13.10"
    "@remirror/core-constants" "^2.0.0"
    "@remirror/core-helpers" "^2.0.1"
    escape-string-regexp "^4.0.0"

prosemirror-transform@^1.0.0, prosemirror-transform@^1.1.0, prosemirror-transform@^1.2.1, prosemirror-transform@^1.7.0:
  version "1.7.1"
  resolved "https://registry.npmjs.org/prosemirror-transform/-/prosemirror-transform-1.7.1.tgz"
  integrity sha512-VteoifAfpt46z0yEt6Fc73A5OID9t/y2QIeR5MgxEwTuitadEunD/V0c9jQW8ziT8pbFM54uTzRLJ/nLuQjMxg==
  dependencies:
    prosemirror-model "^1.0.0"

prosemirror-view@^1.0.0, prosemirror-view@^1.1.0, prosemirror-view@^1.13.3, prosemirror-view@^1.27.0, prosemirror-view@^1.28.2:
  version "1.30.2"
  resolved "https://registry.npmjs.org/prosemirror-view/-/prosemirror-view-1.30.2.tgz"
  integrity sha512-nTNzZvalQf9kHeEyO407LiV6DoOs/pXsid88UqW9Vvybo4ozJW2PJhkfZUxCUF1hR/9vJLdhxX84wuw9P9HsXA==
  dependencies:
    prosemirror-model "^1.16.0"
    prosemirror-state "^1.0.0"
    prosemirror-transform "^1.1.0"

punycode@^2.3.0:
  version "2.3.0"
  resolved "https://registry.npmjs.org/punycode/-/punycode-2.3.0.tgz"
  integrity sha512-rRV+zQD8tVFys26lAGR9WUuS4iUAngJScM+ZRSKtvl5tKeZ2t5bvdNFdNHBW9FWR4guGHlgmsZ1G7BSm2wTbuA==

regenerator-runtime@^0.13.11:
  version "0.13.11"
  resolved "https://registry.npmjs.org/regenerator-runtime/-/regenerator-runtime-0.13.11.tgz"
  integrity sha512-kY1AZVr2Ra+t+piVaJ4gxaFaReZVH40AKNo7UCX6W+dEwBo/2oZJzqfuN1qLq1oL45o56cPaTXELwrTh8Fpggg==

rimraf@^2.5.2:
  version "2.7.1"
  resolved "https://registry.yarnpkg.com/rimraf/-/rimraf-2.7.1.tgz#35797f13a7fdadc566142c29d4f07ccad483e3ec"
  integrity sha512-uWjbaKIK3T1OSVptzX7Nl6PvQ3qAGtKEtVRjRuazjfL3Bx5eI409VZSqgND+4UNnmzLVdPj9FqFJNPqBZFve4w==
  dependencies:
    glob "^7.1.3"

rope-sequence@^1.3.0:
  version "1.3.3"
  resolved "https://registry.npmjs.org/rope-sequence/-/rope-sequence-1.3.3.tgz"
  integrity sha512-85aZYCxweiD5J8yTEbw+E6A27zSnLPNDL0WfPdw3YYodq7WjnTKo0q4dtyQ2gz23iPT8Q9CUyJtAaUNcTxRf5Q==

sander@^0.5.0:
  version "0.5.1"
  resolved "https://registry.yarnpkg.com/sander/-/sander-0.5.1.tgz#741e245e231f07cafb6fdf0f133adfa216a502ad"
  integrity sha512-3lVqBir7WuKDHGrKRDn/1Ye3kwpXaDOMsiRP1wd6wpZW56gJhsbp5RqQpA6JG/P+pkXizygnr1dKR8vzWaVsfA==
  dependencies:
    es6-promise "^3.1.2"
    graceful-fs "^4.1.3"
    mkdirp "^0.5.1"
    rimraf "^2.5.2"

sorcery@^0.11.0:
  version "0.11.0"
  resolved "https://registry.yarnpkg.com/sorcery/-/sorcery-0.11.0.tgz#310c80ee993433854bb55bb9aa4003acd147fca8"
  integrity sha512-J69LQ22xrQB1cIFJhPfgtLuI6BpWRiWu1Y3vSsIwK/eAScqJxd/+CJlUuHQRdX2C9NGFamq+KqNywGgaThwfHw==
  dependencies:
    "@jridgewell/sourcemap-codec" "^1.4.14"
    buffer-crc32 "^0.2.5"
    minimist "^1.2.0"
    sander "^0.5.0"

sortablejs@^1.15.0:
  version "1.15.0"
  resolved "https://registry.npmjs.org/sortablejs/-/sortablejs-1.15.0.tgz"
  integrity sha512-bv9qgVMjUMf89wAvM6AxVvS/4MX3sPeN0+agqShejLU5z5GX4C75ow1O2e5k4L6XItUyAK3gH6AxSbXrOM5e8w==

strip-indent@^3.0.0:
  version "3.0.0"
  resolved "https://registry.yarnpkg.com/strip-indent/-/strip-indent-3.0.0.tgz#c32e1cee940b6b3432c771bc2c54bcce73cd3001"
  integrity sha512-laJTa3Jb+VQpaC6DseHhF7dXVqHTfJPCRDaEbid/drOhgitgYku/letMUqOXFoWV0zIIUbjpdH2t+tYj4bQMRQ==
  dependencies:
    min-indent "^1.0.0"

svelte-preprocess@^5.0.4:
  version "5.0.4"
  resolved "https://registry.yarnpkg.com/svelte-preprocess/-/svelte-preprocess-5.0.4.tgz#2123898e079a074f7f4ef1799e10e037f5bcc55b"
  integrity sha512-ABia2QegosxOGsVlsSBJvoWeXy1wUKSfF7SWJdTjLAbx/Y3SrVevvvbFNQqrSJw89+lNSsM58SipmZJ5SRi5iw==
  dependencies:
    "@types/pug" "^2.0.6"
    detect-indent "^6.1.0"
    magic-string "^0.27.0"
    sorcery "^0.11.0"
    strip-indent "^3.0.0"

svelte@^3.58.0:
  version "3.58.0"
  resolved "https://registry.npmjs.org/svelte/-/svelte-3.58.0.tgz"
  integrity sha512-brIBNNB76mXFmU/Kerm4wFnkskBbluBDCjx/8TcpYRb298Yh2dztS2kQ6bhtjMcvUhd5ynClfwpz5h2gnzdQ1A==

tailwindcss-animate@^1.0.6:
  version "1.0.6"
  resolved "https://registry.yarnpkg.com/tailwindcss-animate/-/tailwindcss-animate-1.0.6.tgz#c7195037481552cc47962ea50113830360fd0c28"
  integrity sha512-4WigSGMvbl3gCCact62ZvOngA+PRqhAn7si3TQ3/ZuPuQZcIEtVap+ENSXbzWhpojKB8CpvnIsrwBu8/RnHtuw==

throttle-debounce@^3.0.1:
  version "3.0.1"
  resolved "https://registry.npmjs.org/throttle-debounce/-/throttle-debounce-3.0.1.tgz"
  integrity sha512-dTEWWNu6JmeVXY0ZYoPuH5cRIwc0MeGbJwah9KUNYSJwommQpCzTySTpEe8Gs1J23aeWEuAobe4Ag7EHVt/LOg==

tippy.js@^6.3.7:
  version "6.3.7"
  resolved "https://registry.npmjs.org/tippy.js/-/tippy.js-6.3.7.tgz"
  integrity sha512-E1d3oP2emgJ9dRQZdf3Kkn0qJgI6ZLpyS5z6ZkY1DF3kaQaBsGZsndEpHwx+eC+tYM41HaSNvNtLx8tU57FzTQ==
  dependencies:
    "@popperjs/core" "^2.9.0"

type-fest@^2.0.0:
  version "2.19.0"
  resolved "https://registry.npmjs.org/type-fest/-/type-fest-2.19.0.tgz"
  integrity sha512-RAH822pAdBgcNMAfWnCBU3CFZcfZ/i1eZjwFU/dsLKumyuuP3niueg2UAukXYF0E2AAoc82ZSSf9J0WQBinzHA==

uc.micro@^1.0.1, uc.micro@^1.0.5:
  version "1.0.6"
  resolved "https://registry.npmjs.org/uc.micro/-/uc.micro-1.0.6.tgz"
  integrity sha512-8Y75pvTYkLJW2hWQHXxoqRgV7qb9B+9vFEtidML+7koHUFapnVJAZ6cKs+Qjz5Aw3aZWHMC6u0wJE3At+nSGwA==

util-deprecate@^1.0.2:
  version "1.0.2"
  resolved "https://registry.npmjs.org/util-deprecate/-/util-deprecate-1.0.2.tgz"
  integrity sha512-EPD5q1uXyFxJpCrLnCc1nHnq3gOa6DZBocAIiI2TaSCA7VCJ1UJDMagCzIkXNsUYfD1daK//LTEQ8xiIbrHtcw==

w3c-keyname@^2.2.0:
  version "2.2.6"
  resolved "https://registry.npmjs.org/w3c-keyname/-/w3c-keyname-2.2.6.tgz"
  integrity sha512-f+fciywl1SJEniZHD6H+kUO8gOnwIr7f4ijKA6+ZvJFjeGi1r4PDLl53Ayud9O/rk64RqgoQine0feoeOU0kXg==

wrappy@1:
  version "1.0.2"
  resolved "https://registry.yarnpkg.com/wrappy/-/wrappy-1.0.2.tgz#b5243d8f3ec1aa35f1364605bc0d1036e30ab69f"
  integrity sha512-l4Sp/DRseor9wL6EvV2+TuQn63dMkPjZ/sp9XkghTEbV9KlPS1xUsZ3u7/IQO4wxtcFB4bgpQPRcR3QCvezPcQ==
